// !$*UTF8*$!
{
	archiveVersion = 1;
	classes = {
	};
	objectVersion = 60;
	objects = {

/* Begin PBXBuildFile section */
		7451FD552F7471B400C72359 /* Assets.xcassets in Resources */ = {isa = PBXBuildFile; fileRef = 7451FD4B2F7471B400C72359 /* Assets.xcassets */; };
		7451FD572F7471B400C72359 /* LaunchScreen.storyboard in Resources */ = {isa = PBXBuildFile; fileRef = 7451FD4F2F7471B400C72359 /* LaunchScreen.storyboard */; };
		7451FD582F7471B400C72359 /* Main.storyboard in Resources */ = {isa = PBXBuildFile; fileRef = 7451FD512F7471B400C72359 /* Main.storyboard */; };
		7451FD592F7471B400C72359 /* RootView.swift in Sources */ = {isa = PBXBuildFile; fileRef = 7451FD1F2F7471B400C72359 /* RootView.swift */; };
		7451FD5A2F7471B400C72359 /* AppVisualStyles.swift in Sources */ = {isa = PBXBuildFile; fileRef = 7451FD212F7471B400C72359 /* AppVisualStyles.swift */; };
		7451FD5B2F7471B400C72359 /* ButtonStyles.swift in Sources */ = {isa = PBXBuildFile; fileRef = 7451FD222F7471B400C72359 /* ButtonStyles.swift */; };
		7451FD5C2F7471B400C72359 /* DifficultyPickerView.swift in Sources */ = {isa = PBXBuildFile; fileRef = 7451FD232F7471B400C72359 /* DifficultyPickerView.swift */; };
		7451FD5D2F7471B400C72359 /* AppPolicyLink.swift in Sources */ = {isa = PBXBuildFile; fileRef = 7451FD252F7471B400C72359 /* AppPolicyLink.swift */; };
		7451FD5E2F7471B400C72359 /* AppStorage.swift in Sources */ = {isa = PBXBuildFile; fileRef = 7451FD272F7471B400C72359 /* AppStorage.swift */; };
		7451FD5F2F7471B400C72359 /* AchievementsView.swift in Sources */ = {isa = PBXBuildFile; fileRef = 7451FD2A2F7471B400C72359 /* AchievementsView.swift */; };
		7451FD602F7471B400C72359 /* ActivityResult.swift in Sources */ = {isa = PBXBuildFile; fileRef = 7451FD2C2F7471B400C72359 /* ActivityResult.swift */; };
		7451FD612F7471B400C72359 /* MountainAscentView.swift in Sources */ = {isa = PBXBuildFile; fileRef = 7451FD2E2F7471B400C72359 /* MountainAscentView.swift */; };
		7451FD622F7471B400C72359 /* MountainAscentViewModel.swift in Sources */ = {isa = PBXBuildFile; fileRef = 7451FD2F2F7471B400C72359 /* MountainAscentViewModel.swift */; };
		7451FD632F7471B400C72359 /* MysticForestQuestView.swift in Sources */ = {isa = PBXBuildFile; fileRef = 7451FD312F7471B400C72359 /* MysticForestQuestView.swift */; };
		7451FD642F7471B400C72359 /* MysticForestQuestViewModel.swift in Sources */ = {isa = PBXBuildFile; fileRef = 7451FD322F7471B400C72359 /* MysticForestQuestViewModel.swift */; };
		7451FD652F7471B400C72359 /* ResultView.swift in Sources */ = {isa = PBXBuildFile; fileRef = 7451FD342F7471B400C72359 /* ResultView.swift */; };
		7451FD662F7471B400C72359 /* RuinsOfTimeView.swift in Sources */ = {isa = PBXBuildFile; fileRef = 7451FD362F7471B400C72359 /* RuinsOfTimeView.swift */; };
		7451FD672F7471B400C72359 /* RuinsOfTimeViewModel.swift in Sources */ = {isa = PBXBuildFile; fileRef = 7451FD372F7471B400C72359 /* RuinsOfTimeViewModel.swift */; };
		7451FD682F7471B400C72359 /* ActivityHostView.swift in Sources */ = {isa = PBXBuildFile; fileRef = 7451FD392F7471B400C72359 /* ActivityHostView.swift */; };
		7451FD692F7471B400C72359 /* ActivityGlyphView.swift in Sources */ = {isa = PBXBuildFile; fileRef = 7451FD3B2F7471B400C72359 /* ActivityGlyphView.swift */; };
		7451FD6A2F7471B400C72359 /* AdventuresHomeView.swift in Sources */ = {isa = PBXBuildFile; fileRef = 7451FD3C2F7471B400C72359 /* AdventuresHomeView.swift */; };
		7451FD6B2F7471B400C72359 /* LevelSelectView.swift in Sources */ = {isa = PBXBuildFile; fileRef = 7451FD3D2F7471B400C72359 /* LevelSelectView.swift */; };
		7451FD6C2F7471B400C72359 /* HomeView.swift in Sources */ = {isa = PBXBuildFile; fileRef = 7451FD3F2F7471B400C72359 /* HomeView.swift */; };
		7451FD6D2F7471B400C72359 /* MainTabView.swift in Sources */ = {isa = PBXBuildFile; fileRef = 7451FD412F7471B400C72359 /* MainTabView.swift */; };
		7451FD6E2F7471B400C72359 /* OnboardingView.swift in Sources */ = {isa = PBXBuildFile; fileRef = 7451FD432F7471B400C72359 /* OnboardingView.swift */; };
		7451FD6F2F7471B400C72359 /* ProfileView.swift in Sources */ = {isa = PBXBuildFile; fileRef = 7451FD452F7471B400C72359 /* ProfileView.swift */; };
		7451FD702F7471B400C72359 /* SettingsView.swift in Sources */ = {isa = PBXBuildFile; fileRef = 7451FD472F7471B400C72359 /* SettingsView.swift */; };
		7451FD712F7471B400C72359 /* AppDelegate.swift in Sources */ = {isa = PBXBuildFile; fileRef = 7451FD4A2F7471B400C72359 /* AppDelegate.swift */; };
		7451FD722F7471B400C72359 /* ContentView.swift in Sources */ = {isa = PBXBuildFile; fileRef = 7451FD4C2F7471B400C72359 /* ContentView.swift */; };
		7451FD732F7471B400C72359 /* SceneDelegate.swift in Sources */ = {isa = PBXBuildFile; fileRef = 7451FD522F7471B400C72359 /* SceneDelegate.swift */; };
		7451FD742F7471B400C72359 /* ViewController.swift in Sources */ = {isa = PBXBuildFile; fileRef = 7451FD532F7471B400C72359 /* ViewController.swift */; };
/* End PBXBuildFile section */

/* Begin PBXFileReference section */
		0D3BA69F8279C9F70C49F665 /* Pods-Doxgelxi Grokarman.debug.xcconfig */ = {isa = PBXFileReference; includeInIndex = 1; lastKnownFileType = text.xcconfig; name = "Pods-Doxgelxi Grokarman.debug.xcconfig"; path = "Target Support Files/Pods-Doxgelxi Grokarman/Pods-Doxgelxi Grokarman.debug.xcconfig"; sourceTree = "<group>"; };
		23D53E0F12F3B0ED91A78434 /* Pods_Doxgelxi_Grokarman.framework */ = {isa = PBXFileReference; explicitFileType = wrapper.framework; includeInIndex = 0; path = Pods_Doxgelxi_Grokarman.framework; sourceTree = BUILT_PRODUCTS_DIR; };
		3EDBBB55BE9CD8D28ECA5652 /* Pods-Doxgelxi Grokarman.release.xcconfig */ = {isa = PBXFileReference; includeInIndex = 1; lastKnownFileType = text.xcconfig; name = "Pods-Doxgelxi Grokarman.release.xcconfig"; path = "Target Support Files/Pods-Doxgelxi Grokarman/Pods-Doxgelxi Grokarman.release.xcconfig"; sourceTree = "<group>"; };
		7451FC412F7441EE00C72359 /* Doxgelxi Grokarman.app */ = {isa = PBXFileReference; explicitFileType = wrapper.application; includeInIndex = 0; path = "Doxgelxi Grokarman.app"; sourceTree = BUILT_PRODUCTS_DIR; };
		7451FD1F2F7471B400C72359 /* RootView.swift */ = {isa = PBXFileReference; lastKnownFileType = sourcecode.swift; path = RootView.swift; sourceTree = "<group>"; };
		7451FD212F7471B400C72359 /* AppVisualStyles.swift */ = {isa = PBXFileReference; lastKnownFileType = sourcecode.swift; path = AppVisualStyles.swift; sourceTree = "<group>"; };
		7451FD222F7471B400C72359 /* ButtonStyles.swift */ = {isa = PBXFileReference; lastKnownFileType = sourcecode.swift; path = ButtonStyles.swift; sourceTree = "<group>"; };
		7451FD232F7471B400C72359 /* DifficultyPickerView.swift */ = {isa = PBXFileReference; lastKnownFileType = sourcecode.swift; path = DifficultyPickerView.swift; sourceTree = "<group>"; };
		7451FD252F7471B400C72359 /* AppPolicyLink.swift */ = {isa = PBXFileReference; lastKnownFileType = sourcecode.swift; path = AppPolicyLink.swift; sourceTree = "<group>"; };
		7451FD272F7471B400C72359 /* AppStorage.swift */ = {isa = PBXFileReference; lastKnownFileType = sourcecode.swift; path = AppStorage.swift; sourceTree = "<group>"; };
		7451FD2A2F7471B400C72359 /* AchievementsView.swift */ = {isa = PBXFileReference; lastKnownFileType = sourcecode.swift; path = AchievementsView.swift; sourceTree = "<group>"; };
		7451FD2C2F7471B400C72359 /* ActivityResult.swift */ = {isa = PBXFileReference; lastKnownFileType = sourcecode.swift; path = ActivityResult.swift; sourceTree = "<group>"; };
		7451FD2E2F7471B400C72359 /* MountainAscentView.swift */ = {isa = PBXFileReference; lastKnownFileType = sourcecode.swift; path = MountainAscentView.swift; sourceTree = "<group>"; };
		7451FD2F2F7471B400C72359 /* MountainAscentViewModel.swift */ = {isa = PBXFileReference; lastKnownFileType = sourcecode.swift; path = MountainAscentViewModel.swift; sourceTree = "<group>"; };
		7451FD312F7471B400C72359 /* MysticForestQuestView.swift */ = {isa = PBXFileReference; lastKnownFileType = sourcecode.swift; path = MysticForestQuestView.swift; sourceTree = "<group>"; };
		7451FD322F7471B400C72359 /* MysticForestQuestViewModel.swift */ = {isa = PBXFileReference; lastKnownFileType = sourcecode.swift; path = MysticForestQuestViewModel.swift; sourceTree = "<group>"; };
		7451FD342F7471B400C72359 /* ResultView.swift */ = {isa = PBXFileReference; lastKnownFileType = sourcecode.swift; path = ResultView.swift; sourceTree = "<group>"; };
		7451FD362F7471B400C72359 /* RuinsOfTimeView.swift */ = {isa = PBXFileReference; lastKnownFileType = sourcecode.swift; path = RuinsOfTimeView.swift; sourceTree = "<group>"; };
		7451FD372F7471B400C72359 /* RuinsOfTimeViewModel.swift */ = {isa = PBXFileReference; lastKnownFileType = sourcecode.swift; path = RuinsOfTimeViewModel.swift; sourceTree = "<group>"; };
		7451FD392F7471B400C72359 /* ActivityHostView.swift */ = {isa = PBXFileReference; lastKnownFileType = sourcecode.swift; path = ActivityHostView.swift; sourceTree = "<group>"; };
		7451FD3B2F7471B400C72359 /* ActivityGlyphView.swift */ = {isa = PBXFileReference; lastKnownFileType = sourcecode.swift; path = ActivityGlyphView.swift; sourceTree = "<group>"; };
		7451FD3C2F7471B400C72359 /* AdventuresHomeView.swift */ = {isa = PBXFileReference; lastKnownFileType = sourcecode.swift; path = AdventuresHomeView.swift; sourceTree = "<group>"; };
		7451FD3D2F7471B400C72359 /* LevelSelectView.swift */ = {isa = PBXFileReference; lastKnownFileType = sourcecode.swift; path = LevelSelectView.swift; sourceTree = "<group>"; };
		7451FD3F2F7471B400C72359 /* HomeView.swift */ = {isa = PBXFileReference; lastKnownFileType = sourcecode.swift; path = HomeView.swift; sourceTree = "<group>"; };
		7451FD412F7471B400C72359 /* MainTabView.swift */ = {isa = PBXFileReference; lastKnownFileType = sourcecode.swift; path = MainTabView.swift; sourceTree = "<group>"; };
		7451FD432F7471B400C72359 /* OnboardingView.swift */ = {isa = PBXFileReference; lastKnownFileType = sourcecode.swift; path = OnboardingView.swift; sourceTree = "<group>"; };
		7451FD452F7471B400C72359 /* ProfileView.swift */ = {isa = PBXFileReference; lastKnownFileType = sourcecode.swift; path = ProfileView.swift; sourceTree = "<group>"; };
		7451FD472F7471B400C72359 /* SettingsView.swift */ = {isa = PBXFileReference; lastKnownFileType = sourcecode.swift; path = SettingsView.swift; sourceTree = "<group>"; };
		7451FD4A2F7471B400C72359 /* AppDelegate.swift */ = {isa = PBXFileReference; lastKnownFileType = sourcecode.swift; path = AppDelegate.swift; sourceTree = "<group>"; };
		7451FD4B2F7471B400C72359 /* Assets.xcassets */ = {isa = PBXFileReference; lastKnownFileType = folder.assetcatalog; path = Assets.xcassets; sourceTree = "<group>"; };
		7451FD4C2F7471B400C72359 /* ContentView.swift */ = {isa = PBXFileReference; lastKnownFileType = sourcecode.swift; path = ContentView.swift; sourceTree = "<group>"; };
		7451FD4D2F7471B400C72359 /* Info.plist */ = {isa = PBXFileReference; lastKnownFileType = text.plist.xml; path = Info.plist; sourceTree = "<group>"; };
		7451FD4E2F7471B400C72359 /* Base */ = {isa = PBXFileReference; lastKnownFileType = file.storyboard; name = Base; path = Base.lproj/LaunchScreen.storyboard; sourceTree = "<group>"; };
		7451FD502F7471B400C72359 /* Base */ = {isa = PBXFileReference; lastKnownFileType = file.storyboard; name = Base; path = Base.lproj/Main.storyboard; sourceTree = "<group>"; };
		7451FD522F7471B400C72359 /* SceneDelegate.swift */ = {isa = PBXFileReference; lastKnownFileType = sourcecode.swift; path = SceneDelegate.swift; sourceTree = "<group>"; };
		7451FD532F7471B400C72359 /* ViewController.swift */ = {isa = PBXFileReference; lastKnownFileType = sourcecode.swift; path = ViewController.swift; sourceTree = "<group>"; };
/* End PBXFileReference section */

/* Begin PBXFrameworksBuildPhase section */
		7451FC3E2F7441EE00C72359 /* Frameworks */ = {
			isa = PBXFrameworksBuildPhase;
			buildActionMask = 2147483647;
			files = (
			);
			runOnlyForDeploymentPostprocessing = 0;
		};
/* End PBXFrameworksBuildPhase section */

/* Begin PBXGroup section */
		015B19635933AF1DA795E14A /* Pods */ = {
			isa = PBXGroup;
			children = (
				0D3BA69F8279C9F70C49F665 /* Pods-Doxgelxi Grokarman.debug.xcconfig */,
				3EDBBB55BE9CD8D28ECA5652 /* Pods-Doxgelxi Grokarman.release.xcconfig */,
			);
			path = Pods;
			sourceTree = "<group>";
		};
		3DE5B375236ED27B12016B1D /* Frameworks */ = {
			isa = PBXGroup;
			children = (
				23D53E0F12F3B0ED91A78434 /* Pods_Doxgelxi_Grokarman.framework */,
			);
			name = Frameworks;
			sourceTree = "<group>";
		};
		7451FC382F7441EE00C72359 = {
			isa = PBXGroup;
			children = (
				7451FD542F7471B400C72359 /* Doxgelxi Grokarman */,
				7451FC422F7441EE00C72359 /* Products */,
				015B19635933AF1DA795E14A /* Pods */,
				3DE5B375236ED27B12016B1D /* Frameworks */,
			);
			sourceTree = "<group>";
		};
		7451FC422F7441EE00C72359 /* Products */ = {
			isa = PBXGroup;
			children = (
				7451FC412F7441EE00C72359 /* Doxgelxi Grokarman.app */,
			);
			name = Products;
			sourceTree = "<group>";
		};
		7451FD202F7471B400C72359 /* App */ = {
			isa = PBXGroup;
			children = (
				7451FD1F2F7471B400C72359 /* RootView.swift */,
			);
			path = App;
			sourceTree = "<group>";
		};
		7451FD242F7471B400C72359 /* DesignSystem */ = {
			isa = PBXGroup;
			children = (
				7451FD212F7471B400C72359 /* AppVisualStyles.swift */,
				7451FD222F7471B400C72359 /* ButtonStyles.swift */,
				7451FD232F7471B400C72359 /* DifficultyPickerView.swift */,
			);
			path = DesignSystem;
			sourceTree = "<group>";
		};
		7451FD262F7471B400C72359 /* Legal */ = {
			isa = PBXGroup;
			children = (
				7451FD252F7471B400C72359 /* AppPolicyLink.swift */,
			);
			path = Legal;
			sourceTree = "<group>";
		};
		7451FD282F7471B400C72359 /* Storage */ = {
			isa = PBXGroup;
			children = (
				7451FD272F7471B400C72359 /* AppStorage.swift */,
			);
			path = Storage;
			sourceTree = "<group>";
		};
		7451FD292F7471B400C72359 /* Core */ = {
			isa = PBXGroup;
			children = (
				7451FD242F7471B400C72359 /* DesignSystem */,
				7451FD262F7471B400C72359 /* Legal */,
				7451FD282F7471B400C72359 /* Storage */,
			);
			path = Core;
			sourceTree = "<group>";
		};
		7451FD2B2F7471B400C72359 /* Achievements */ = {
			isa = PBXGroup;
			children = (
				7451FD2A2F7471B400C72359 /* AchievementsView.swift */,
			);
			path = Achievements;
			sourceTree = "<group>";
		};
		7451FD2D2F7471B400C72359 /* Models */ = {
			isa = PBXGroup;
			children = (
				7451FD2C2F7471B400C72359 /* ActivityResult.swift */,
			);
			path = Models;
			sourceTree = "<group>";
		};
		7451FD302F7471B400C72359 /* MountainAscent */ = {
			isa = PBXGroup;
			children = (
				7451FD2E2F7471B400C72359 /* MountainAscentView.swift */,
				7451FD2F2F7471B400C72359 /* MountainAscentViewModel.swift */,
			);
			path = MountainAscent;
			sourceTree = "<group>";
		};
		7451FD332F7471B400C72359 /* MysticForest */ = {
			isa = PBXGroup;
			children = (
				7451FD312F7471B400C72359 /* MysticForestQuestView.swift */,
				7451FD322F7471B400C72359 /* MysticForestQuestViewModel.swift */,
			);
			path = MysticForest;
			sourceTree = "<group>";
		};
		7451FD352F7471B400C72359 /* Result */ = {
			isa = PBXGroup;
			children = (
				7451FD342F7471B400C72359 /* ResultView.swift */,
			);
			path = Result;
			sourceTree = "<group>";
		};
		7451FD382F7471B400C72359 /* RuinsOfTime */ = {
			isa = PBXGroup;
			children = (
				7451FD362F7471B400C72359 /* RuinsOfTimeView.swift */,
				7451FD372F7471B400C72359 /* RuinsOfTimeViewModel.swift */,
			);
			path = RuinsOfTime;
			sourceTree = "<group>";
		};
		7451FD3A2F7471B400C72359 /* Activities */ = {
			isa = PBXGroup;
			children = (
				7451FD2D2F7471B400C72359 /* Models */,
				7451FD302F7471B400C72359 /* MountainAscent */,
				7451FD332F7471B400C72359 /* MysticForest */,
				7451FD352F7471B400C72359 /* Result */,
				7451FD382F7471B400C72359 /* RuinsOfTime */,
				7451FD392F7471B400C72359 /* ActivityHostView.swift */,
			);
			path = Activities;
			sourceTree = "<group>";
		};
		7451FD3E2F7471B400C72359 /* Adventures */ = {
			isa = PBXGroup;
			children = (
				7451FD3B2F7471B400C72359 /* ActivityGlyphView.swift */,
				7451FD3C2F7471B400C72359 /* AdventuresHomeView.swift */,
				7451FD3D2F7471B400C72359 /* LevelSelectView.swift */,
			);
			path = Adventures;
			sourceTree = "<group>";
		};
		7451FD402F7471B400C72359 /* Home */ = {
			isa = PBXGroup;
			children = (
				7451FD3F2F7471B400C72359 /* HomeView.swift */,
			);
			path = Home;
			sourceTree = "<group>";
		};
		7451FD422F7471B400C72359 /* Main */ = {
			isa = PBXGroup;
			children = (
				7451FD412F7471B400C72359 /* MainTabView.swift */,
			);
			path = Main;
			sourceTree = "<group>";
		};
		7451FD442F7471B400C72359 /* Onboarding */ = {
			isa = PBXGroup;
			children = (
				7451FD432F7471B400C72359 /* OnboardingView.swift */,
			);
			path = Onboarding;
			sourceTree = "<group>";
		};
		7451FD462F7471B400C72359 /* Profile */ = {
			isa = PBXGroup;
			children = (
				7451FD452F7471B400C72359 /* ProfileView.swift */,
			);
			path = Profile;
			sourceTree = "<group>";
		};
		7451FD482F7471B400C72359 /* Settings */ = {
			isa = PBXGroup;
			children = (
				7451FD472F7471B400C72359 /* SettingsView.swift */,
			);
			path = Settings;
			sourceTree = "<group>";
		};
		7451FD492F7471B400C72359 /* Features */ = {
			isa = PBXGroup;
			children = (
				7451FD2B2F7471B400C72359 /* Achievements */,
				7451FD3A2F7471B400C72359 /* Activities */,
				7451FD3E2F7471B400C72359 /* Adventures */,
				7451FD402F7471B400C72359 /* Home */,
				7451FD422F7471B400C72359 /* Main */,
				7451FD442F7471B400C72359 /* Onboarding */,
				7451FD462F7471B400C72359 /* Profile */,
				7451FD482F7471B400C72359 /* Settings */,
			);
			path = Features;
			sourceTree = "<group>";
		};
		7451FD542F7471B400C72359 /* Doxgelxi Grokarman */ = {
			isa = PBXGroup;
			children = (
				7451FD202F7471B400C72359 /* App */,
				7451FD292F7471B400C72359 /* Core */,
				7451FD492F7471B400C72359 /* Features */,
				7451FD4A2F7471B400C72359 /* AppDelegate.swift */,
				7451FD4B2F7471B400C72359 /* Assets.xcassets */,
				7451FD4C2F7471B400C72359 /* ContentView.swift */,
				7451FD4D2F7471B400C72359 /* Info.plist */,
				7451FD4F2F7471B400C72359 /* LaunchScreen.storyboard */,
				7451FD512F7471B400C72359 /* Main.storyboard */,
				7451FD522F7471B400C72359 /* SceneDelegate.swift */,
				7451FD532F7471B400C72359 /* ViewController.swift */,
			);
			path = "Doxgelxi Grokarman";
			sourceTree = "<group>";
		};
/* End PBXGroup section */

/* Begin PBXNativeTarget section */
		7451FC402F7441EE00C72359 /* Doxgelxi Grokarman */ = {
			isa = PBXNativeTarget;
			buildConfigurationList = 7451FC542F7441EF00C72359 /* Build configuration list for PBXNativeTarget "Doxgelxi Grokarman" */;
			buildPhases = (
				173B8BC76AD653FC7F17EF99 /* [CP] Check Pods Manifest.lock */,
				7451FC3D2F7441EE00C72359 /* Sources */,
				7451FC3E2F7441EE00C72359 /* Frameworks */,
				7451FC3F2F7441EE00C72359 /* Resources */,
			);
			buildRules = (
			);
			dependencies = (
			);
			name = "Doxgelxi Grokarman";
			productName = "Doxgelxi Grokarman";
			productReference = 7451FC412F7441EE00C72359 /* Doxgelxi Grokarman.app */;
			productType = "com.apple.product-type.application";
		};
/* End PBXNativeTarget section */

/* Begin PBXProject section */
		7451FC392F7441EE00C72359 /* Project object */ = {
			isa = PBXProject;
			attributes = {
				BuildIndependentTargetsInParallel = 1;
				LastSwiftUpdateCheck = 2620;
				LastUpgradeCheck = 2620;
				TargetAttributes = {
					7451FC402F7441EE00C72359 = {
						CreatedOnToolsVersion = 26.2;
					};
				};
			};
			buildConfigurationList = 7451FC3C2F7441EE00C72359 /* Build configuration list for PBXProject "Doxgelxi Grokarman" */;
			compatibilityVersion = "Xcode 15.0";
			developmentRegion = en;
			hasScannedForEncodings = 0;
			knownRegions = (
				en,
				Base,
			);
			mainGroup = 7451FC382F7441EE00C72359;
			productRefGroup = 7451FC422F7441EE00C72359 /* Products */;
			projectDirPath = "";
			projectRoot = "";
			targets = (
				7451FC402F7441EE00C72359 /* Doxgelxi Grokarman */,
			);
		};
/* End PBXProject section */

/* Begin PBXResourcesBuildPhase section */
		7451FC3F2F7441EE00C72359 /* Resources */ = {
			isa = PBXResourcesBuildPhase;
			buildActionMask = 2147483647;
			files = (
				7451FD552F7471B400C72359 /* Assets.xcassets in Resources */,
				7451FD572F7471B400C72359 /* LaunchScreen.storyboard in Resources */,
				7451FD582F7471B400C72359 /* Main.storyboard in Resources */,
			);
			runOnlyForDeploymentPostprocessing = 0;
		};
/* End PBXResourcesBuildPhase section */

/* Begin PBXShellScriptBuildPhase section */
		173B8BC76AD653FC7F17EF99 /* [CP] Check Pods Manifest.lock */ = {
			isa = PBXShellScriptBuildPhase;
			buildActionMask = 2147483647;
			files = (
			);
			inputFileListPaths = (
			);
			inputPaths = (
				"${PODS_PODFILE_DIR_PATH}/Podfile.lock",
				"${PODS_ROOT}/Manifest.lock",
			);
			name = "[CP] Check Pods Manifest.lock";
			outputFileListPaths = (
			);
			outputPaths = (
				"$(DERIVED_FILE_DIR)/Pods-Doxgelxi Grokarman-checkManifestLockResult.txt",
			);
			runOnlyForDeploymentPostprocessing = 0;
			shellPath = /bin/sh;
			shellScript = "diff \"${PODS_PODFILE_DIR_PATH}/Podfile.lock\" \"${PODS_ROOT}/Manifest.lock\" > /dev/null\nif [ $? != 0 ] ; then\n    # print error to STDERR\n    echo \"error: The sandbox is not in sync with the Podfile.lock. Run 'pod install' or update your CocoaPods installation.\" >&2\n    exit 1\nfi\n# This output is used by Xcode 'outputs' to avoid re-running this script phase.\necho \"SUCCESS\" > \"${SCRIPT_OUTPUT_FILE_0}\"\n";
			showEnvVarsInLog = 0;
		};
/* End PBXShellScriptBuildPhase section */

/* Begin PBXSourcesBuildPhase section */
		7451FC3D2F7441EE00C72359 /* Sources */ = {
			isa = PBXSourcesBuildPhase;
			buildActionMask = 2147483647;
			files = (
				7451FD592F7471B400C72359 /* RootView.swift in Sources */,
				7451FD5A2F7471B400C72359 /* AppVisualStyles.swift in Sources */,
				7451FD5B2F7471B400C72359 /* ButtonStyles.swift in Sources */,
				7451FD5C2F7471B400C72359 /* DifficultyPickerView.swift in Sources */,
				7451FD5D2F7471B400C72359 /* AppPolicyLink.swift in Sources */,
				7451FD5E2F7471B400C72359 /* AppStorage.swift in Sources */,
				7451FD5F2F7471B400C72359 /* AchievementsView.swift in Sources */,
				7451FD602F7471B400C72359 /* ActivityResult.swift in Sources */,
				7451FD612F7471B400C72359 /* MountainAscentView.swift in Sources */,
				7451FD622F7471B400C72359 /* MountainAscentViewModel.swift in Sources */,
				7451FD632F7471B400C72359 /* MysticForestQuestView.swift in Sources */,
				7451FD642F7471B400C72359 /* MysticForestQuestViewModel.swift in Sources */,
				7451FD652F7471B400C72359 /* ResultView.swift in Sources */,
				7451FD662F7471B400C72359 /* RuinsOfTimeView.swift in Sources */,
				7451FD672F7471B400C72359 /* RuinsOfTimeViewModel.swift in Sources */,
				7451FD682F7471B400C72359 /* ActivityHostView.swift in Sources */,
				7451FD692F7471B400C72359 /* ActivityGlyphView.swift in Sources */,
				7451FD6A2F7471B400C72359 /* AdventuresHomeView.swift in Sources */,
				7451FD6B2F7471B400C72359 /* LevelSelectView.swift in Sources */,
				7451FD6C2F7471B400C72359 /* HomeView.swift in Sources */,
				7451FD6D2F7471B400C72359 /* MainTabView.swift in Sources */,
				7451FD6E2F7471B400C72359 /* OnboardingView.swift in Sources */,
				7451FD6F2F7471B400C72359 /* ProfileView.swift in Sources */,
				7451FD702F7471B400C72359 /* SettingsView.swift in Sources */,
				7451FD712F7471B400C72359 /* AppDelegate.swift in Sources */,
				7451FD722F7471B400C72359 /* ContentView.swift in Sources */,
				7451FD732F7471B400C72359 /* SceneDelegate.swift in Sources */,
				7451FD742F7471B400C72359 /* ViewController.swift in Sources */,
			);
			runOnlyForDeploymentPostprocessing = 0;
		};
/* End PBXSourcesBuildPhase section */

/* Begin PBXVariantGroup section */
		7451FD4F2F7471B400C72359 /* LaunchScreen.storyboard */ = {
			isa = PBXVariantGroup;
			children = (
				7451FD4E2F7471B400C72359 /* Base */,
			);
			name = LaunchScreen.storyboard;
			sourceTree = "<group>";
		};
		7451FD512F7471B400C72359 /* Main.storyboard */ = {
			isa = PBXVariantGroup;
			children = (
				7451FD502F7471B400C72359 /* Base */,
			);
			name = Main.storyboard;
			sourceTree = "<group>";
		};
/* End PBXVariantGroup section */

/* Begin XCBuildConfiguration section */
		7451FC552F7441EF00C72359 /* Debug */ = {
			isa = XCBuildConfiguration;
			baseConfigurationReference = 0D3BA69F8279C9F70C49F665 /* Pods-Doxgelxi Grokarman.debug.xcconfig */;
			buildSettings = {
				ASSETCATALOG_COMPILER_APPICON_NAME = AppIcon;
				ASSETCATALOG_COMPILER_GLOBAL_ACCENT_COLOR_NAME = AccentColor;
				CODE_SIGN_STYLE = Automatic;
				CURRENT_PROJECT_VERSION = 1;
				GENERATE_INFOPLIST_FILE = YES;
				INFOPLIST_FILE = "Doxgelxi Grokarman/Info.plist";
				INFOPLIST_KEY_CFBundleDisplayName = "Doxgelxi Grokarman";
				INFOPLIST_KEY_UIApplicationSupportsIndirectInputEvents = YES;
				INFOPLIST_KEY_UILaunchStoryboardName = LaunchScreen;
				INFOPLIST_KEY_UIRequiresFullScreen = YES;
				INFOPLIST_KEY_UISupportedInterfaceOrientations = UIInterfaceOrientationPortrait;
				INFOPLIST_KEY_UISupportedInterfaceOrientations_iPad = UIInterfaceOrientationPortrait;
				IPHONEOS_DEPLOYMENT_TARGET = 17;
				LD_RUNPATH_SEARCH_PATHS = (
					"$(inherited)",
					"@executable_path/Frameworks",
				);
				MARKETING_VERSION = 1.0;
				PRODUCT_BUNDLE_IDENTIFIER = com.zep.d0xg3lg81gr;
				PRODUCT_NAME = "$(TARGET_NAME)";
				STRING_CATALOG_GENERATE_SYMBOLS = YES;
				SUPPORTED_PLATFORMS = "iphoneos iphonesimulator";
				SUPPORTS_MACCATALYST = NO;
				SUPPORTS_MAC_DESIGNED_FOR_IPHONE_IPAD = NO;
				SUPPORTS_XR_DESIGNED_FOR_IPHONE_IPAD = NO;
				SWIFT_APPROACHABLE_CONCURRENCY = YES;
				SWIFT_DEFAULT_ACTOR_ISOLATION = MainActor;
				SWIFT_EMIT_LOC_STRINGS = YES;
				SWIFT_UPCOMING_FEATURE_MEMBER_IMPORT_VISIBILITY = YES;
				SWIFT_VERSION = 5.0;
				TARGETED_DEVICE_FAMILY = 1;
			};
			name = Debug;
		};
		7451FC562F7441EF00C72359 /* Release */ = {
			isa = XCBuildConfiguration;
			baseConfigurationReference = 3EDBBB55BE9CD8D28ECA5652 /* Pods-Doxgelxi Grokarman.release.xcconfig */;
			buildSettings = {
				ASSETCATALOG_COMPILER_APPICON_NAME = AppIcon;
				ASSETCATALOG_COMPILER_GLOBAL_ACCENT_COLOR_NAME = AccentColor;
				CODE_SIGN_STYLE = Automatic;
				CURRENT_PROJECT_VERSION = 1;
				GENERATE_INFOPLIST_FILE = YES;
				INFOPLIST_FILE = "Doxgelxi Grokarman/Info.plist";
				INFOPLIST_KEY_CFBundleDisplayName = "Doxgelxi Grokarman";
				INFOPLIST_KEY_UIApplicationSupportsIndirectInputEvents = YES;
				INFOPLIST_KEY_UILaunchStoryboardName = LaunchScreen;
				INFOPLIST_KEY_UIRequiresFullScreen = YES;
				INFOPLIST_KEY_UISupportedInterfaceOrientations = UIInterfaceOrientationPortrait;
				INFOPLIST_KEY_UISupportedInterfaceOrientations_iPad = UIInterfaceOrientationPortrait;
				IPHONEOS_DEPLOYMENT_TARGET = 17;
				LD_RUNPATH_SEARCH_PATHS = (
					"$(inherited)",
					"@executable_path/Frameworks",
				);
				MARKETING_VERSION = 1.0;
				PRODUCT_BUNDLE_IDENTIFIER = com.zep.d0xg3lg81gr;
				PRODUCT_NAME = "$(TARGET_NAME)";
				STRING_CATALOG_GENERATE_SYMBOLS = YES;
				SUPPORTED_PLATFORMS = "iphoneos iphonesimulator";
				SUPPORTS_MACCATALYST = NO;
				SUPPORTS_MAC_DESIGNED_FOR_IPHONE_IPAD = NO;
				SUPPORTS_XR_DESIGNED_FOR_IPHONE_IPAD = NO;
				SWIFT_APPROACHABLE_CONCURRENCY = YES;
				SWIFT_DEFAULT_ACTOR_ISOLATION = MainActor;
				SWIFT_EMIT_LOC_STRINGS = YES;
				SWIFT_UPCOMING_FEATURE_MEMBER_IMPORT_VISIBILITY = YES;
				SWIFT_VERSION = 5.0;
				TARGETED_DEVICE_FAMILY = 1;
			};
			name = Release;
		};
		7451FC572F7441EF00C72359 /* Debug */ = {
			isa = XCBuildConfiguration;
			buildSettings = {
				ALWAYS_SEARCH_USER_PATHS = NO;
				ASSETCATALOG_COMPILER_GENERATE_SWIFT_ASSET_SYMBOL_EXTENSIONS = YES;
				CLANG_ANALYZER_NONNULL = YES;
				CLANG_ANALYZER_NUMBER_OBJECT_CONVERSION = YES_AGGRESSIVE;
				CLANG_CXX_LANGUAGE_STANDARD = "gnu++20";
				CLANG_ENABLE_MODULES = YES;
				CLANG_ENABLE_OBJC_ARC = YES;
				CLANG_ENABLE_OBJC_WEAK = YES;
				CLANG_WARN_BLOCK_CAPTURE_AUTORELEASING = YES;
				CLANG_WARN_BOOL_CONVERSION = YES;
				CLANG_WARN_COMMA = YES;
				CLANG_WARN_CONSTANT_CONVERSION = YES;
				CLANG_WARN_DEPRECATED_OBJC_IMPLEMENTATIONS = YES;
				CLANG_WARN_DIRECT_OBJC_ISA_USAGE = YES_ERROR;
				CLANG_WARN_DOCUMENTATION_COMMENTS = YES;
				CLANG_WARN_EMPTY_BODY = YES;
				CLANG_WARN_ENUM_CONVERSION = YES;
				CLANG_WARN_INFINITE_RECURSION = YES;
				CLANG_WARN_INT_CONVERSION = YES;
				CLANG_WARN_NON_LITERAL_NULL_CONVERSION = YES;
				CLANG_WARN_OBJC_IMPLICIT_RETAIN_SELF = YES;
				CLANG_WARN_OBJC_LITERAL_CONVERSION = YES;
				CLANG_WARN_OBJC_ROOT_CLASS = YES_ERROR;
				CLANG_WARN_QUOTED_INCLUDE_IN_FRAMEWORK_HEADER = YES;
				CLANG_WARN_RANGE_LOOP_ANALYSIS = YES;
				CLANG_WARN_STRICT_PROTOTYPES = YES;
				CLANG_WARN_SUSPICIOUS_MOVE = YES;
				CLANG_WARN_UNGUARDED_AVAILABILITY = YES_AGGRESSIVE;
				CLANG_WARN_UNREACHABLE_CODE = YES;
				CLANG_WARN__DUPLICATE_METHOD_MATCH = YES;
				COPY_PHASE_STRIP = NO;
				DEBUG_INFORMATION_FORMAT = dwarf;
				ENABLE_STRICT_OBJC_MSGSEND = YES;
				ENABLE_TESTABILITY = YES;
				ENABLE_USER_SCRIPT_SANDBOXING = YES;
				GCC_C_LANGUAGE_STANDARD = gnu17;
				GCC_DYNAMIC_NO_PIC = NO;
				GCC_NO_COMMON_BLOCKS = YES;
				GCC_OPTIMIZATION_LEVEL = 0;
				GCC_PREPROCESSOR_DEFINITIONS = (
					"DEBUG=1",
					"$(inherited)",
				);
				GCC_WARN_64_TO_32_BIT_CONVERSION = YES;
				GCC_WARN_ABOUT_RETURN_TYPE = YES_ERROR;
				GCC_WARN_UNDECLARED_SELECTOR = YES;
				GCC_WARN_UNINITIALIZED_AUTOS = YES_AGGRESSIVE;
				GCC_WARN_UNUSED_FUNCTION = YES;
				GCC_WARN_UNUSED_VARIABLE = YES;
				IPHONEOS_DEPLOYMENT_TARGET = 26.2;
				LOCALIZATION_PREFERS_STRING_CATALOGS = YES;
				MTL_ENABLE_DEBUG_INFO = INCLUDE_SOURCE;
				MTL_FAST_MATH = YES;
				ONLY_ACTIVE_ARCH = YES;
				SDKROOT = iphoneos;
				SWIFT_ACTIVE_COMPILATION_CONDITIONS = "DEBUG $(inherited)";
				SWIFT_OPTIMIZATION_LEVEL = "-Onone";
			};
			name = Debug;
		};
		7451FC582F7441EF00C72359 /* Release */ = {
			isa = XCBuildConfiguration;
			buildSettings = {
				ALWAYS_SEARCH_USER_PATHS = NO;
				ASSETCATALOG_COMPILER_GENERATE_SWIFT_ASSET_SYMBOL_EXTENSIONS = YES;
				CLANG_ANALYZER_NONNULL = YES;
				CLANG_ANALYZER_NUMBER_OBJECT_CONVERSION = YES_AGGRESSIVE;
				CLANG_CXX_LANGUAGE_STANDARD = "gnu++20";
				CLANG_ENABLE_MODULES = YES;
				CLANG_ENABLE_OBJC_ARC = YES;
				CLANG_ENABLE_OBJC_WEAK = YES;
				CLANG_WARN_BLOCK_CAPTURE_AUTORELEASING = YES;
				CLANG_WARN_BOOL_CONVERSION = YES;
				CLANG_WARN_COMMA = YES;
				CLANG_WARN_CONSTANT_CONVERSION = YES;
				CLANG_WARN_DEPRECATED_OBJC_IMPLEMENTATIONS = YES;
				CLANG_WARN_DIRECT_OBJC_ISA_USAGE = YES_ERROR;
				CLANG_WARN_DOCUMENTATION_COMMENTS = YES;
				CLANG_WARN_EMPTY_BODY = YES;
				CLANG_WARN_ENUM_CONVERSION = YES;
				CLANG_WARN_INFINITE_RECURSION = YES;
				CLANG_WARN_INT_CONVERSION = YES;
				CLANG_WARN_NON_LITERAL_NULL_CONVERSION = YES;
				CLANG_WARN_OBJC_IMPLICIT_RETAIN_SELF = YES;
				CLANG_WARN_OBJC_LITERAL_CONVERSION = YES;
				CLANG_WARN_OBJC_ROOT_CLASS = YES_ERROR;
				CLANG_WARN_QUOTED_INCLUDE_IN_FRAMEWORK_HEADER = YES;
				CLANG_WARN_RANGE_LOOP_ANALYSIS = YES;
				CLANG_WARN_STRICT_PROTOTYPES = YES;
				CLANG_WARN_SUSPICIOUS_MOVE = YES;
				CLANG_WARN_UNGUARDED_AVAILABILITY = YES_AGGRESSIVE;
				CLANG_WARN_UNREACHABLE_CODE = YES;
				CLANG_WARN__DUPLICATE_METHOD_MATCH = YES;
				COPY_PHASE_STRIP = NO;
				DEBUG_INFORMATION_FORMAT = "dwarf-with-dsym";
				ENABLE_NS_ASSERTIONS = NO;
				ENABLE_STRICT_OBJC_MSGSEND = YES;
				ENABLE_USER_SCRIPT_SANDBOXING = YES;
				GCC_C_LANGUAGE_STANDARD = gnu17;
				GCC_NO_COMMON_BLOCKS = YES;
				GCC_WARN_64_TO_32_BIT_CONVERSION = YES;
				GCC_WARN_ABOUT_RETURN_TYPE = YES_ERROR;
				GCC_WARN_UNDECLARED_SELECTOR = YES;
				GCC_WARN_UNINITIALIZED_AUTOS = YES_AGGRESSIVE;
				GCC_WARN_UNUSED_FUNCTION = YES;
				GCC_WARN_UNUSED_VARIABLE = YES;
				IPHONEOS_DEPLOYMENT_TARGET = 26.2;
				LOCALIZATION_PREFERS_STRING_CATALOGS = YES;
				MTL_ENABLE_DEBUG_INFO = NO;
				MTL_FAST_MATH = YES;
				SDKROOT = iphoneos;
				SWIFT_COMPILATION_MODE = wholemodule;
				VALIDATE_PRODUCT = YES;
			};
			name = Release;
		};
/* End XCBuildConfiguration section */

/* Begin XCConfigurationList section */
		7451FC3C2F7441EE00C72359 /* Build configuration list for PBXProject "Doxgelxi Grokarman" */ = {
			isa = XCConfigurationList;
			buildConfigurations = (
				7451FC572F7441EF00C72359 /* Debug */,
				7451FC582F7441EF00C72359 /* Release */,
			);
			defaultConfigurationIsVisible = 0;
			defaultConfigurationName = Release;
		};
		7451FC542F7441EF00C72359 /* Build configuration list for PBXNativeTarget "Doxgelxi Grokarman" */ = {
			isa = XCConfigurationList;
			buildConfigurations = (
				7451FC552F7441EF00C72359 /* Debug */,
				7451FC562F7441EF00C72359 /* Release */,
			);
			defaultConfigurationIsVisible = 0;
			defaultConfigurationName = Release;
		};
/* End XCConfigurationList section */
	};
	rootObject = 7451FC392F7441EE00C72359 /* Project object */;
}
